// !$*UTF8*$!
{
	archiveVersion = 1;
	classes = {
	};
	objectVersion = 46;
	objects = {

/* Begin PBXBuildFile section */
		2C85C7B81C10E85E004DA4E8 /* main.m in Sources */ = {isa = PBXBuildFile; fileRef = 2C85C7B71C10E85E004DA4E8 /* main.m */; };
		2C85C7C31C10E85E004DA4E8 /* Assets.xcassets in Resources */ = {isa = PBXBuildFile; fileRef = 2C85C7C21C10E85E004DA4E8 /* Assets.xcassets */; };
		2C85C7CE1C10E8F9004DA4E8 /* tests.cpp in Sources */ = {isa = PBXBuildFile; fileRef = 2C85C7CD1C10E8F9004DA4E8 /* tests.cpp */; };
		2C8CE4CC1C10F61C003B71DC /* WaitSet.cpp in Sources */ = {isa = PBXBuildFile; fileRef = 2C8CE4CB1C10F61C003B71DC /* WaitSet.cpp */; };
		2C8CE4CE1C10F62E003B71DC /* Waitable.cpp in Sources */ = {isa = PBXBuildFile; fileRef = 2C8CE4CD1C10F62E003B71DC /* Waitable.cpp */; };
		F2D33BA7A99CF6E0EE7D02CE /* libPods-tests.a in Frameworks */ = {isa = PBXBuildFile; fileRef = 7176DA06C6007FFC97E2E6FF /* libPods-tests.a */; };
/* End PBXBuildFile section */

/* Begin PBXFileReference section */
		08CE62778B48A56E2C102B55 /* Pods-tests.debug.xcconfig */ = {isa = PBXFileReference; includeInIndex = 1; lastKnownFileType = text.xcconfig; name = "Pods-tests.debug.xcconfig"; path = "Pods/Target Support Files/Pods-tests/Pods-tests.debug.xcconfig"; sourceTree = "<group>"; };
		2C85C7B31C10E85E004DA4E8 /* tests.app */ = {isa = PBXFileReference; explicitFileType = wrapper.application; includeInIndex = 0; path = tests.app; sourceTree = BUILT_PRODUCTS_DIR; };
		2C85C7B71C10E85E004DA4E8 /* main.m */ = {isa = PBXFileReference; lastKnownFileType = sourcecode.c.objc; path = main.m; sourceTree = "<group>"; };
		2C85C7C21C10E85E004DA4E8 /* Assets.xcassets */ = {isa = PBXFileReference; lastKnownFileType = folder.assetcatalog; path = Assets.xcassets; sourceTree = "<group>"; };
		2C85C7C71C10E85E004DA4E8 /* Info.plist */ = {isa = PBXFileReference; lastKnownFileType = text.plist.xml; path = Info.plist; sourceTree = "<group>"; };
		2C85C7CD1C10E8F9004DA4E8 /* tests.cpp */ = {isa = PBXFileReference; lastKnownFileType = sourcecode.cpp.cpp; name = tests.cpp; path = ../tests/WaitSet/tests.cpp; sourceTree = "<group>"; };
		2C8CE4CB1C10F61C003B71DC /* WaitSet.cpp */ = {isa = PBXFileReference; lastKnownFileType = sourcecode.cpp.cpp; name = WaitSet.cpp; path = ../src/pogodi/WaitSet.cpp; sourceTree = "<group>"; };
		2C8CE4CD1C10F62E003B71DC /* Waitable.cpp */ = {isa = PBXFileReference; lastKnownFileType = sourcecode.cpp.cpp; name = Waitable.cpp; path = ../src/pogodi/Waitable.cpp; sourceTree = "<group>"; };
		7176DA06C6007FFC97E2E6FF /* libPods-tests.a */ = {isa = PBXFileReference; explicitFileType = archive.ar; includeInIndex = 0; path = "libPods-tests.a"; sourceTree = BUILT_PRODUCTS_DIR; };
		CED6D97ED09E4510542F7597 /* Pods-tests.release.xcconfig */ = {isa = PBXFileReference; includeInIndex = 1; lastKnownFileType = text.xcconfig; name = "Pods-tests.release.xcconfig"; path = "Pods/Target Support Files/Pods-tests/Pods-tests.release.xcconfig"; sourceTree = "<group>"; };
/* End PBXFileReference section */

/* Begin PBXFrameworksBuildPhase section */
		2C85C7B01C10E85E004DA4E8 /* Frameworks */ = {
			isa = PBXFrameworksBuildPhase;
			buildActionMask = 2147483647;
			files = (
				F2D33BA7A99CF6E0EE7D02CE /* libPods-tests.a in Frameworks */,
			);
			runOnlyForDeploymentPostprocessing = 0;
		};
/* End PBXFrameworksBuildPhase section */

/* Begin PBXGroup section */
		2C85C7AA1C10E85E004DA4E8 = {
			isa = PBXGroup;
			children = (
				2C8CE4CD1C10F62E003B71DC /* Waitable.cpp */,
				2C8CE4CB1C10F61C003B71DC /* WaitSet.cpp */,
				2C85C7CD1C10E8F9004DA4E8 /* tests.cpp */,
				2C85C7B51C10E85E004DA4E8 /* tests */,
				2C85C7B41C10E85E004DA4E8 /* Products */,
				A2B3D2FD6D476FC51CFDC570 /* Pods */,
				6C928CB126AFD44D6BE96344 /* Frameworks */,
			);
			sourceTree = "<group>";
		};
		2C85C7B41C10E85E004DA4E8 /* Products */ = {
			isa = PBXGroup;
			children = (
				2C85C7B31C10E85E004DA4E8 /* tests.app */,
			);
			name = Products;
			sourceTree = "<group>";
		};
		2C85C7B51C10E85E004DA4E8 /* tests */ = {
			isa = PBXGroup;
			children = (
				2C85C7C21C10E85E004DA4E8 /* Assets.xcassets */,
				2C85C7C71C10E85E004DA4E8 /* Info.plist */,
				2C85C7B61C10E85E004DA4E8 /* Supporting Files */,
			);
			path = tests;
			sourceTree = "<group>";
		};
		2C85C7B61C10E85E004DA4E8 /* Supporting Files */ = {
			isa = PBXGroup;
			children = (
				2C85C7B71C10E85E004DA4E8 /* main.m */,
			);
			name = "Supporting Files";
			sourceTree = "<group>";
		};
		6C928CB126AFD44D6BE96344 /* Frameworks */ = {
			isa = PBXGroup;
			children = (
				7176DA06C6007FFC97E2E6FF /* libPods-tests.a */,
			);
			name = Frameworks;
			sourceTree = "<group>";
		};
		A2B3D2FD6D476FC51CFDC570 /* Pods */ = {
			isa = PBXGroup;
			children = (
				08CE62778B48A56E2C102B55 /* Pods-tests.debug.xcconfig */,
				CED6D97ED09E4510542F7597 /* Pods-tests.release.xcconfig */,
			);
			name = Pods;
			sourceTree = "<group>";
		};
/* End PBXGroup section */

/* Begin PBXNativeTarget section */
		2C85C7B21C10E85E004DA4E8 /* tests */ = {
			isa = PBXNativeTarget;
			buildConfigurationList = 2C85C7CA1C10E85E004DA4E8 /* Build configuration list for PBXNativeTarget "tests" */;
			buildPhases = (
				5668CFA83DF28CD28F505004 /* [CP] Check Pods Manifest.lock */,
				2C85C7AF1C10E85E004DA4E8 /* Sources */,
				2C85C7B01C10E85E004DA4E8 /* Frameworks */,
				2C85C7B11C10E85E004DA4E8 /* Resources */,
				CB8AD73BA911BF1F4BEF00C7 /* [CP] Embed Pods Frameworks */,
				218A42629A4C7539F5C96FB1 /* [CP] Copy Pods Resources */,
			);
			buildRules = (
			);
			dependencies = (
			);
			name = tests;
			productName = tests;
			productReference = 2C85C7B31C10E85E004DA4E8 /* tests.app */;
			productType = "com.apple.product-type.application";
		};
/* End PBXNativeTarget section */

/* Begin PBXProject section */
		2C85C7AB1C10E85E004DA4E8 /* Project object */ = {
			isa = PBXProject;
			attributes = {
				LastUpgradeCheck = 0710;
				ORGANIZATIONNAME = "Ivan Gagis";
				TargetAttributes = {
					2C85C7B21C10E85E004DA4E8 = {
						CreatedOnToolsVersion = 7.1.1;
					};
				};
			};
			buildConfigurationList = 2C85C7AE1C10E85E004DA4E8 /* Build configuration list for PBXProject "tests" */;
			compatibilityVersion = "Xcode 3.2";
			developmentRegion = English;
			hasScannedForEncodings = 0;
			knownRegions = (
				en,
				Base,
			);
			mainGroup = 2C85C7AA1C10E85E004DA4E8;
			productRefGroup = 2C85C7B41C10E85E004DA4E8 /* Products */;
			projectDirPath = "";
			projectRoot = "";
			targets = (
				2C85C7B21C10E85E004DA4E8 /* tests */,
			);
		};
/* End PBXProject section */

/* Begin PBXResourcesBuildPhase section */
		2C85C7B11C10E85E004DA4E8 /* Resources */ = {
			isa = PBXResourcesBuildPhase;
			buildActionMask = 2147483647;
			files = (
				2C85C7C31C10E85E004DA4E8 /* Assets.xcassets in Resources */,
			);
			runOnlyForDeploymentPostprocessing = 0;
		};
/* End PBXResourcesBuildPhase section */

/* Begin PBXShellScriptBuildPhase section */
		218A42629A4C7539F5C96FB1 /* [CP] Copy Pods Resources */ = {
			isa = PBXShellScriptBuildPhase;
			buildActionMask = 2147483647;
			files = (
			);
			inputPaths = (
			);
			name = "[CP] Copy Pods Resources";
			outputPaths = (
			);
			runOnlyForDeploymentPostprocessing = 0;
			shellPath = /bin/sh;
			shellScript = "\"${SRCROOT}/Pods/Target Support Files/Pods-tests/Pods-tests-resources.sh\"\n";
			showEnvVarsInLog = 0;
		};
		5668CFA83DF28CD28F505004 /* [CP] Check Pods Manifest.lock */ = {
			isa = PBXShellScriptBuildPhase;
			buildActionMask = 2147483647;
			files = (
			);
			inputPaths = (
			);
			name = "[CP] Check Pods Manifest.lock";
			outputPaths = (
			);
			runOnlyForDeploymentPostprocessing = 0;
			shellPath = /bin/sh;
			shellScript = "diff \"${PODS_ROOT}/../Podfile.lock\" \"${PODS_ROOT}/Manifest.lock\" > /dev/null\nif [[ $? != 0 ]] ; then\n    cat << EOM\nerror: The sandbox is not in sync with the Podfile.lock. Run 'pod install' or update your CocoaPods installation.\nEOM\n    exit 1\nfi\n";
			showEnvVarsInLog = 0;
		};
		CB8AD73BA911BF1F4BEF00C7 /* [CP] Embed Pods Frameworks */ = {
			isa = PBXShellScriptBuildPhase;
			buildActionMask = 2147483647;
			files = (
			);
			inputPaths = (
			);
			name = "[CP] Embed Pods Frameworks";
			outputPaths = (
			);
			runOnlyForDeploymentPostprocessing = 0;
			shellPath = /bin/sh;
			shellScript = "\"${SRCROOT}/Pods/Target Support Files/Pods-tests/Pods-tests-frameworks.sh\"\n";
			showEnvVarsInLog = 0;
		};
/* End PBXShellScriptBuildPhase section */

/* Begin PBXSourcesBuildPhase section */
		2C85C7AF1C10E85E004DA4E8 /* Sources */ = {
			isa = PBXSourcesBuildPhase;
			buildActionMask = 2147483647;
			files = (
				2C8CE4CE1C10F62E003B71DC /* Waitable.cpp in Sources */,
				2C8CE4CC1C10F61C003B71DC /* WaitSet.cpp in Sources */,
				2C85C7CE1C10E8F9004DA4E8 /* tests.cpp in Sources */,
				2C85C7B81C10E85E004DA4E8 /* main.m in Sources */,
			);
			runOnlyForDeploymentPostprocessing = 0;
		};
/* End PBXSourcesBuildPhase section */

/* Begin XCBuildConfiguration section */
		2C85C7C81C10E85E004DA4E8 /* Debug */ = {
			isa = XCBuildConfiguration;
			buildSettings = {
				ALWAYS_SEARCH_USER_PATHS = NO;
				CLANG_CXX_LANGUAGE_STANDARD = "gnu++0x";
				CLANG_CXX_LIBRARY = "libc++";
				CLANG_ENABLE_MODULES = YES;
				CLANG_ENABLE_OBJC_ARC = YES;
				CLANG_WARN_BOOL_CONVERSION = YES;
				CLANG_WARN_CONSTANT_CONVERSION = YES;
				CLANG_WARN_DIRECT_OBJC_ISA_USAGE = YES_ERROR;
				CLANG_WARN_EMPTY_BODY = YES;
				CLANG_WARN_ENUM_CONVERSION = YES;
				CLANG_WARN_INT_CONVERSION = YES;
				CLANG_WARN_OBJC_ROOT_CLASS = YES_ERROR;
				CLANG_WARN_UNREACHABLE_CODE = YES;
				CLANG_WARN__DUPLICATE_METHOD_MATCH = YES;
				"CODE_SIGN_IDENTITY[sdk=iphoneos*]" = "iPhone Developer";
				COPY_PHASE_STRIP = NO;
				DEBUG_INFORMATION_FORMAT = dwarf;
				ENABLE_STRICT_OBJC_MSGSEND = YES;
				ENABLE_TESTABILITY = YES;
				GCC_C_LANGUAGE_STANDARD = gnu99;
				GCC_DYNAMIC_NO_PIC = NO;
				GCC_NO_COMMON_BLOCKS = YES;
				GCC_OPTIMIZATION_LEVEL = 0;
				GCC_PREPROCESSOR_DEFINITIONS = (
					"DEBUG=1",
					"$(inherited)",
				);
				GCC_WARN_64_TO_32_BIT_CONVERSION = YES;
				GCC_WARN_ABOUT_RETURN_TYPE = YES_ERROR;
				GCC_WARN_UNDECLARED_SELECTOR = YES;
				GCC_WARN_UNINITIALIZED_AUTOS = YES_AGGRESSIVE;
				GCC_WARN_UNUSED_FUNCTION = YES;
				GCC_WARN_UNUSED_VARIABLE = YES;
				IPHONEOS_DEPLOYMENT_TARGET = 9.1;
				MTL_ENABLE_DEBUG_INFO = YES;
				ONLY_ACTIVE_ARCH = YES;
				SDKROOT = iphoneos;
				TARGETED_DEVICE_FAMILY = "1,2";
			};
			name = Debug;
		};
		2C85C7C91C10E85E004DA4E8 /* Release */ = {
			isa = XCBuildConfiguration;
			buildSettings = {
				ALWAYS_SEARCH_USER_PATHS = NO;
				CLANG_CXX_LANGUAGE_STANDARD = "gnu++0x";
				CLANG_CXX_LIBRARY = "libc++";
				CLANG_ENABLE_MODULES = YES;
				CLANG_ENABLE_OBJC_ARC = YES;
				CLANG_WARN_BOOL_CONVERSION = YES;
				CLANG_WARN_CONSTANT_CONVERSION = YES;
				CLANG_WARN_DIRECT_OBJC_ISA_USAGE = YES_ERROR;
				CLANG_WARN_EMPTY_BODY = YES;
				CLANG_WARN_ENUM_CONVERSION = YES;
				CLANG_WARN_INT_CONVERSION = YES;
				CLANG_WARN_OBJC_ROOT_CLASS = YES_ERROR;
				CLANG_WARN_UNREACHABLE_CODE = YES;
				CLANG_WARN__DUPLICATE_METHOD_MATCH = YES;
				"CODE_SIGN_IDENTITY[sdk=iphoneos*]" = "iPhone Developer";
				COPY_PHASE_STRIP = NO;
				DEBUG_INFORMATION_FORMAT = "dwarf-with-dsym";
				ENABLE_NS_ASSERTIONS = NO;
				ENABLE_STRICT_OBJC_MSGSEND = YES;
				GCC_C_LANGUAGE_STANDARD = gnu99;
				GCC_NO_COMMON_BLOCKS = YES;
				GCC_WARN_64_TO_32_BIT_CONVERSION = YES;
				GCC_WARN_ABOUT_RETURN_TYPE = YES_ERROR;
				GCC_WARN_UNDECLARED_SELECTOR = YES;
				GCC_WARN_UNINITIALIZED_AUTOS = YES_AGGRESSIVE;
				GCC_WARN_UNUSED_FUNCTION = YES;
				GCC_WARN_UNUSED_VARIABLE = YES;
				IPHONEOS_DEPLOYMENT_TARGET = 9.1;
				MTL_ENABLE_DEBUG_INFO = NO;
				SDKROOT = iphoneos;
				TARGETED_DEVICE_FAMILY = "1,2";
				VALIDATE_PRODUCT = YES;
			};
			name = Release;
		};
		2C85C7CB1C10E85E004DA4E8 /* Debug */ = {
			isa = XCBuildConfiguration;
			baseConfigurationReference = 08CE62778B48A56E2C102B55 /* Pods-tests.debug.xcconfig */;
			buildSettings = {
				ASSETCATALOG_COMPILER_APPICON_NAME = AppIcon;
				INFOPLIST_FILE = tests/Info.plist;
				LD_RUNPATH_SEARCH_PATHS = "$(inherited) @executable_path/Frameworks";
				PRODUCT_BUNDLE_IDENTIFIER = org.igagis.tests;
				PRODUCT_NAME = "$(TARGET_NAME)";
			};
			name = Debug;
		};
		2C85C7CC1C10E85E004DA4E8 /* Release */ = {
			isa = XCBuildConfiguration;
			baseConfigurationReference = CED6D97ED09E4510542F7597 /* Pods-tests.release.xcconfig */;
			buildSettings = {
				ASSETCATALOG_COMPILER_APPICON_NAME = AppIcon;
				INFOPLIST_FILE = tests/Info.plist;
				LD_RUNPATH_SEARCH_PATHS = "$(inherited) @executable_path/Frameworks";
				PRODUCT_BUNDLE_IDENTIFIER = org.igagis.tests;
				PRODUCT_NAME = "$(TARGET_NAME)";
			};
			name = Release;
		};
/* End XCBuildConfiguration section */

/* Begin XCConfigurationList section */
		2C85C7AE1C10E85E004DA4E8 /* Build configuration list for PBXProject "tests" */ = {
			isa = XCConfigurationList;
			buildConfigurations = (
				2C85C7C81C10E85E004DA4E8 /* Debug */,
				2C85C7C91C10E85E004DA4E8 /* Release */,
			);
			defaultConfigurationIsVisible = 0;
			defaultConfigurationName = Release;
		};
		2C85C7CA1C10E85E004DA4E8 /* Build configuration list for PBXNativeTarget "tests" */ = {
			isa = XCConfigurationList;
			buildConfigurations = (
				2C85C7CB1C10E85E004DA4E8 /* Debug */,
				2C85C7CC1C10E85E004DA4E8 /* Release */,
			);
			defaultConfigurationIsVisible = 0;
			defaultConfigurationName = Release;
		};
/* End XCConfigurationList section */
	};
	rootObject = 2C85C7AB1C10E85E004DA4E8 /* Project object */;
}
